// !$*UTF8*$!
{
	archiveVersion = 1;
	classes = {
	};
	objectVersion = 51;
	objects = {

/* Begin PBXBuildFile section */
		524408372543ADCA0067F273 /* AppDelegate.swift in Sources */ = {isa = PBXBuildFile; fileRef = 524408362543ADCA0067F273 /* AppDelegate.swift */; };
		524408392543ADCA0067F273 /* SceneDelegate.swift in Sources */ = {isa = PBXBuildFile; fileRef = 524408382543ADCA0067F273 /* SceneDelegate.swift */; };
		5244083E2543ADCA0067F273 /* Main.storyboard in Resources */ = {isa = PBXBuildFile; fileRef = 5244083C2543ADCA0067F273 /* Main.storyboard */; };
		524408402543ADCE0067F273 /* Assets.xcassets in Resources */ = {isa = PBXBuildFile; fileRef = 5244083F2543ADCE0067F273 /* Assets.xcassets */; };
		524408432543ADCE0067F273 /* LaunchScreen.storyboard in Resources */ = {isa = PBXBuildFile; fileRef = 524408412543ADCE0067F273 /* LaunchScreen.storyboard */; };
		5244084E2543ADCE0067F273 /* ParstagramTests.swift in Sources */ = {isa = PBXBuildFile; fileRef = 5244084D2543ADCE0067F273 /* ParstagramTests.swift */; };
		524408592543ADCE0067F273 /* ParstagramUITests.swift in Sources */ = {isa = PBXBuildFile; fileRef = 524408582543ADCE0067F273 /* ParstagramUITests.swift */; };
		5244086D2543AFB40067F273 /* LoginViewController.swift in Sources */ = {isa = PBXBuildFile; fileRef = 5244086C2543AFB40067F273 /* LoginViewController.swift */; };
		524408722543AFC20067F273 /* FeedViewController.swift in Sources */ = {isa = PBXBuildFile; fileRef = 524408712543AFC20067F273 /* FeedViewController.swift */; };
		526086302543BC740022E221 /* cameraViewController.swift in Sources */ = {isa = PBXBuildFile; fileRef = 5260862F2543BC740022E221 /* cameraViewController.swift */; };
		5260864A2543C7070022E221 /* PostCell.swift in Sources */ = {isa = PBXBuildFile; fileRef = 526086492543C7070022E221 /* PostCell.swift */; };
		5260864F2543DD3E0022E221 /* profileViewController.swift in Sources */ = {isa = PBXBuildFile; fileRef = 5260864E2543DD3E0022E221 /* profileViewController.swift */; };
		52682A74254D20100050CA86 /* CommentCell.swift in Sources */ = {isa = PBXBuildFile; fileRef = 52682A73254D20100050CA86 /* CommentCell.swift */; };
		C66831FB5E31C0CF1E5839CA /* Pods_ParstagramTests.framework in Frameworks */ = {isa = PBXBuildFile; fileRef = 2C13C11C3F19F817D3738A30 /* Pods_ParstagramTests.framework */; };
		F50AB9EC486F344A24AE98F2 /* Pods_Parstagram_ParstagramUITests.framework in Frameworks */ = {isa = PBXBuildFile; fileRef = 2D7730B6FA1FDC5A1C228479 /* Pods_Parstagram_ParstagramUITests.framework */; };
		FA28087FED73E9B4DBE76028 /* Pods_Parstagram.framework in Frameworks */ = {isa = PBXBuildFile; fileRef = FB555A307C0A4470C2EEA1E4 /* Pods_Parstagram.framework */; };
/* End PBXBuildFile section */

/* Begin PBXContainerItemProxy section */
		5244084A2543ADCE0067F273 /* PBXContainerItemProxy */ = {
			isa = PBXContainerItemProxy;
			containerPortal = 5244082B2543ADCA0067F273 /* Project object */;
			proxyType = 1;
			remoteGlobalIDString = 524408322543ADCA0067F273;
			remoteInfo = Parstagram;
		};
		524408552543ADCE0067F273 /* PBXContainerItemProxy */ = {
			isa = PBXContainerItemProxy;
			containerPortal = 5244082B2543ADCA0067F273 /* Project object */;
			proxyType = 1;
			remoteGlobalIDString = 524408322543ADCA0067F273;
			remoteInfo = Parstagram;
		};
/* End PBXContainerItemProxy section */

/* Begin PBXFileReference section */
		0B35118B87531DCCAEEFFC83 /* Pods-Parstagram-ParstagramUITests.release.xcconfig */ = {isa = PBXFileReference; includeInIndex = 1; lastKnownFileType = text.xcconfig; name = "Pods-Parstagram-ParstagramUITests.release.xcconfig"; path = "Target Support Files/Pods-Parstagram-ParstagramUITests/Pods-Parstagram-ParstagramUITests.release.xcconfig"; sourceTree = "<group>"; };
		2C13C11C3F19F817D3738A30 /* Pods_ParstagramTests.framework */ = {isa = PBXFileReference; explicitFileType = wrapper.framework; includeInIndex = 0; path = Pods_ParstagramTests.framework; sourceTree = BUILT_PRODUCTS_DIR; };
		2D7730B6FA1FDC5A1C228479 /* Pods_Parstagram_ParstagramUITests.framework */ = {isa = PBXFileReference; explicitFileType = wrapper.framework; includeInIndex = 0; path = Pods_Parstagram_ParstagramUITests.framework; sourceTree = BUILT_PRODUCTS_DIR; };
		3EFA4D5815E0FD22980E77CA /* Pods-ParstagramTests.release.xcconfig */ = {isa = PBXFileReference; includeInIndex = 1; lastKnownFileType = text.xcconfig; name = "Pods-ParstagramTests.release.xcconfig"; path = "Target Support Files/Pods-ParstagramTests/Pods-ParstagramTests.release.xcconfig"; sourceTree = "<group>"; };
		4EF0A86681D6CE7DEF345AE6 /* Pods-Parstagram.debug.xcconfig */ = {isa = PBXFileReference; includeInIndex = 1; lastKnownFileType = text.xcconfig; name = "Pods-Parstagram.debug.xcconfig"; path = "Target Support Files/Pods-Parstagram/Pods-Parstagram.debug.xcconfig"; sourceTree = "<group>"; };
		524408332543ADCA0067F273 /* Parstagram.app */ = {isa = PBXFileReference; explicitFileType = wrapper.application; includeInIndex = 0; path = Parstagram.app; sourceTree = BUILT_PRODUCTS_DIR; };
		524408362543ADCA0067F273 /* AppDelegate.swift */ = {isa = PBXFileReference; lastKnownFileType = sourcecode.swift; path = AppDelegate.swift; sourceTree = "<group>"; };
		524408382543ADCA0067F273 /* SceneDelegate.swift */ = {isa = PBXFileReference; lastKnownFileType = sourcecode.swift; path = SceneDelegate.swift; sourceTree = "<group>"; };
		5244083D2543ADCA0067F273 /* Base */ = {isa = PBXFileReference; lastKnownFileType = file.storyboard; name = Base; path = Base.lproj/Main.storyboard; sourceTree = "<group>"; };
		5244083F2543ADCE0067F273 /* Assets.xcassets */ = {isa = PBXFileReference; lastKnownFileType = folder.assetcatalog; path = Assets.xcassets; sourceTree = "<group>"; };
		524408422543ADCE0067F273 /* Base */ = {isa = PBXFileReference; lastKnownFileType = file.storyboard; name = Base; path = Base.lproj/LaunchScreen.storyboard; sourceTree = "<group>"; };
		524408442543ADCE0067F273 /* Info.plist */ = {isa = PBXFileReference; lastKnownFileType = text.plist.xml; path = Info.plist; sourceTree = "<group>"; };
		524408492543ADCE0067F273 /* ParstagramTests.xctest */ = {isa = PBXFileReference; explicitFileType = wrapper.cfbundle; includeInIndex = 0; path = ParstagramTests.xctest; sourceTree = BUILT_PRODUCTS_DIR; };
		5244084D2543ADCE0067F273 /* ParstagramTests.swift */ = {isa = PBXFileReference; lastKnownFileType = sourcecode.swift; path = ParstagramTests.swift; sourceTree = "<group>"; };
		5244084F2543ADCE0067F273 /* Info.plist */ = {isa = PBXFileReference; lastKnownFileType = text.plist.xml; path = Info.plist; sourceTree = "<group>"; };
		524408542543ADCE0067F273 /* ParstagramUITests.xctest */ = {isa = PBXFileReference; explicitFileType = wrapper.cfbundle; includeInIndex = 0; path = ParstagramUITests.xctest; sourceTree = BUILT_PRODUCTS_DIR; };
		524408582543ADCE0067F273 /* ParstagramUITests.swift */ = {isa = PBXFileReference; lastKnownFileType = sourcecode.swift; path = ParstagramUITests.swift; sourceTree = "<group>"; };
		5244085A2543ADCE0067F273 /* Info.plist */ = {isa = PBXFileReference; lastKnownFileType = text.plist.xml; path = Info.plist; sourceTree = "<group>"; };
		5244086C2543AFB40067F273 /* LoginViewController.swift */ = {isa = PBXFileReference; lastKnownFileType = sourcecode.swift; path = LoginViewController.swift; sourceTree = "<group>"; };
		524408712543AFC20067F273 /* FeedViewController.swift */ = {isa = PBXFileReference; lastKnownFileType = sourcecode.swift; path = FeedViewController.swift; sourceTree = "<group>"; };
		5260862F2543BC740022E221 /* cameraViewController.swift */ = {isa = PBXFileReference; lastKnownFileType = sourcecode.swift; path = cameraViewController.swift; sourceTree = "<group>"; };
		526086492543C7070022E221 /* PostCell.swift */ = {isa = PBXFileReference; lastKnownFileType = sourcecode.swift; path = PostCell.swift; sourceTree = "<group>"; };
		5260864E2543DD3E0022E221 /* profileViewController.swift */ = {isa = PBXFileReference; lastKnownFileType = sourcecode.swift; path = profileViewController.swift; sourceTree = "<group>"; };
		52682A73254D20100050CA86 /* CommentCell.swift */ = {isa = PBXFileReference; lastKnownFileType = sourcecode.swift; path = CommentCell.swift; sourceTree = "<group>"; };
		6B529845145A33FF3D1CA4D1 /* Pods-ParstagramTests.debug.xcconfig */ = {isa = PBXFileReference; includeInIndex = 1; lastKnownFileType = text.xcconfig; name = "Pods-ParstagramTests.debug.xcconfig"; path = "Target Support Files/Pods-ParstagramTests/Pods-ParstagramTests.debug.xcconfig"; sourceTree = "<group>"; };
		81EC083E4D2DB2069AFF5183 /* Pods-Parstagram.release.xcconfig */ = {isa = PBXFileReference; includeInIndex = 1; lastKnownFileType = text.xcconfig; name = "Pods-Parstagram.release.xcconfig"; path = "Target Support Files/Pods-Parstagram/Pods-Parstagram.release.xcconfig"; sourceTree = "<group>"; };
		BA2566525D7C204687BE68CA /* Pods-Parstagram-ParstagramUITests.debug.xcconfig */ = {isa = PBXFileReference; includeInIndex = 1; lastKnownFileType = text.xcconfig; name = "Pods-Parstagram-ParstagramUITests.debug.xcconfig"; path = "Target Support Files/Pods-Parstagram-ParstagramUITests/Pods-Parstagram-ParstagramUITests.debug.xcconfig"; sourceTree = "<group>"; };
		FB555A307C0A4470C2EEA1E4 /* Pods_Parstagram.framework */ = {isa = PBXFileReference; explicitFileType = wrapper.framework; includeInIndex = 0; path = Pods_Parstagram.framework; sourceTree = BUILT_PRODUCTS_DIR; };
/* End PBXFileReference section */

/* Begin PBXFrameworksBuildPhase section */
		524408302543ADCA0067F273 /* Frameworks */ = {
			isa = PBXFrameworksBuildPhase;
			buildActionMask = 2147483647;
			files = (
				FA28087FED73E9B4DBE76028 /* Pods_Parstagram.framework in Frameworks */,
			);
			runOnlyForDeploymentPostprocessing = 0;
		};
		524408462543ADCE0067F273 /* Frameworks */ = {
			isa = PBXFrameworksBuildPhase;
			buildActionMask = 2147483647;
			files = (
				C66831FB5E31C0CF1E5839CA /* Pods_ParstagramTests.framework in Frameworks */,
			);
			runOnlyForDeploymentPostprocessing = 0;
		};
		524408512543ADCE0067F273 /* Frameworks */ = {
			isa = PBXFrameworksBuildPhase;
			buildActionMask = 2147483647;
			files = (
				F50AB9EC486F344A24AE98F2 /* Pods_Parstagram_ParstagramUITests.framework in Frameworks */,
			);
			runOnlyForDeploymentPostprocessing = 0;
		};
/* End PBXFrameworksBuildPhase section */

/* Begin PBXGroup section */
		5244082A2543ADCA0067F273 = {
			isa = PBXGroup;
			children = (
				524408352543ADCA0067F273 /* Parstagram */,
				5244084C2543ADCE0067F273 /* ParstagramTests */,
				524408572543ADCE0067F273 /* ParstagramUITests */,
				524408342543ADCA0067F273 /* Products */,
				BB9D8E3621BFBD6982CBF37F /* Pods */,
				C74467B81FE33255A3A49683 /* Frameworks */,
			);
			sourceTree = "<group>";
		};
		524408342543ADCA0067F273 /* Products */ = {
			isa = PBXGroup;
			children = (
				524408332543ADCA0067F273 /* Parstagram.app */,
				524408492543ADCE0067F273 /* ParstagramTests.xctest */,
				524408542543ADCE0067F273 /* ParstagramUITests.xctest */,
			);
			name = Products;
			sourceTree = "<group>";
		};
		524408352543ADCA0067F273 /* Parstagram */ = {
			isa = PBXGroup;
			children = (
				524408362543ADCA0067F273 /* AppDelegate.swift */,
				524408382543ADCA0067F273 /* SceneDelegate.swift */,
				5244083C2543ADCA0067F273 /* Main.storyboard */,
				5244083F2543ADCE0067F273 /* Assets.xcassets */,
				524408412543ADCE0067F273 /* LaunchScreen.storyboard */,
				524408442543ADCE0067F273 /* Info.plist */,
				5244086C2543AFB40067F273 /* LoginViewController.swift */,
				524408712543AFC20067F273 /* FeedViewController.swift */,
				5260862F2543BC740022E221 /* cameraViewController.swift */,
				526086492543C7070022E221 /* PostCell.swift */,
				5260864E2543DD3E0022E221 /* profileViewController.swift */,
				52682A73254D20100050CA86 /* CommentCell.swift */,
			);
			path = Parstagram;
			sourceTree = "<group>";
		};
		5244084C2543ADCE0067F273 /* ParstagramTests */ = {
			isa = PBXGroup;
			children = (
				5244084D2543ADCE0067F273 /* ParstagramTests.swift */,
				5244084F2543ADCE0067F273 /* Info.plist */,
			);
			path = ParstagramTests;
			sourceTree = "<group>";
		};
		524408572543ADCE0067F273 /* ParstagramUITests */ = {
			isa = PBXGroup;
			children = (
				524408582543ADCE0067F273 /* ParstagramUITests.swift */,
				5244085A2543ADCE0067F273 /* Info.plist */,
			);
			path = ParstagramUITests;
			sourceTree = "<group>";
		};
		BB9D8E3621BFBD6982CBF37F /* Pods */ = {
			isa = PBXGroup;
			children = (
				4EF0A86681D6CE7DEF345AE6 /* Pods-Parstagram.debug.xcconfig */,
				81EC083E4D2DB2069AFF5183 /* Pods-Parstagram.release.xcconfig */,
				BA2566525D7C204687BE68CA /* Pods-Parstagram-ParstagramUITests.debug.xcconfig */,
				0B35118B87531DCCAEEFFC83 /* Pods-Parstagram-ParstagramUITests.release.xcconfig */,
				6B529845145A33FF3D1CA4D1 /* Pods-ParstagramTests.debug.xcconfig */,
				3EFA4D5815E0FD22980E77CA /* Pods-ParstagramTests.release.xcconfig */,
			);
			path = Pods;
			sourceTree = "<group>";
		};
		C74467B81FE33255A3A49683 /* Frameworks */ = {
			isa = PBXGroup;
			children = (
				FB555A307C0A4470C2EEA1E4 /* Pods_Parstagram.framework */,
				2D7730B6FA1FDC5A1C228479 /* Pods_Parstagram_ParstagramUITests.framework */,
				2C13C11C3F19F817D3738A30 /* Pods_ParstagramTests.framework */,
			);
			name = Frameworks;
			sourceTree = "<group>";
		};
/* End PBXGroup section */

/* Begin PBXNativeTarget section */
		524408322543ADCA0067F273 /* Parstagram */ = {
			isa = PBXNativeTarget;
			buildConfigurationList = 5244085D2543ADCE0067F273 /* Build configuration list for PBXNativeTarget "Parstagram" */;
			buildPhases = (
				1F37F9D438BFD58728B79B4E /* [CP] Check Pods Manifest.lock */,
				5244082F2543ADCA0067F273 /* Sources */,
				524408302543ADCA0067F273 /* Frameworks */,
				524408312543ADCA0067F273 /* Resources */,
				823B923081766A703E556BFB /* [CP] Embed Pods Frameworks */,
			);
			buildRules = (
			);
			dependencies = (
			);
			name = Parstagram;
			productName = Parstagram;
			productReference = 524408332543ADCA0067F273 /* Parstagram.app */;
			productType = "com.apple.product-type.application";
		};
		524408482543ADCE0067F273 /* ParstagramTests */ = {
			isa = PBXNativeTarget;
			buildConfigurationList = 524408602543ADCE0067F273 /* Build configuration list for PBXNativeTarget "ParstagramTests" */;
			buildPhases = (
				70E9C611EB0EB59FF490587F /* [CP] Check Pods Manifest.lock */,
				524408452543ADCE0067F273 /* Sources */,
				524408462543ADCE0067F273 /* Frameworks */,
				524408472543ADCE0067F273 /* Resources */,
			);
			buildRules = (
			);
			dependencies = (
				5244084B2543ADCE0067F273 /* PBXTargetDependency */,
			);
			name = ParstagramTests;
			productName = ParstagramTests;
			productReference = 524408492543ADCE0067F273 /* ParstagramTests.xctest */;
			productType = "com.apple.product-type.bundle.unit-test";
		};
		524408532543ADCE0067F273 /* ParstagramUITests */ = {
			isa = PBXNativeTarget;
			buildConfigurationList = 524408632543ADCE0067F273 /* Build configuration list for PBXNativeTarget "ParstagramUITests" */;
			buildPhases = (
				EA06680B0FE6B8E98BFC08B3 /* [CP] Check Pods Manifest.lock */,
				524408502543ADCE0067F273 /* Sources */,
				524408512543ADCE0067F273 /* Frameworks */,
				524408522543ADCE0067F273 /* Resources */,
				8814BE7FA0294FEF18054657 /* [CP] Embed Pods Frameworks */,
			);
			buildRules = (
			);
			dependencies = (
				524408562543ADCE0067F273 /* PBXTargetDependency */,
			);
			name = ParstagramUITests;
			productName = ParstagramUITests;
			productReference = 524408542543ADCE0067F273 /* ParstagramUITests.xctest */;
			productType = "com.apple.product-type.bundle.ui-testing";
		};
/* End PBXNativeTarget section */

/* Begin PBXProject section */
		5244082B2543ADCA0067F273 /* Project object */ = {
			isa = PBXProject;
			attributes = {
				LastSwiftUpdateCheck = 1210;
				LastUpgradeCheck = 1210;
				TargetAttributes = {
					524408322543ADCA0067F273 = {
						CreatedOnToolsVersion = 12.1;
					};
					524408482543ADCE0067F273 = {
						CreatedOnToolsVersion = 12.1;
						TestTargetID = 524408322543ADCA0067F273;
					};
					524408532543ADCE0067F273 = {
						CreatedOnToolsVersion = 12.1;
						TestTargetID = 524408322543ADCA0067F273;
					};
				};
			};
			buildConfigurationList = 5244082E2543ADCA0067F273 /* Build configuration list for PBXProject "Parstagram" */;
			compatibilityVersion = "Xcode 9.3";
			developmentRegion = en;
			hasScannedForEncodings = 0;
			knownRegions = (
				en,
				Base,
			);
			mainGroup = 5244082A2543ADCA0067F273;
			productRefGroup = 524408342543ADCA0067F273 /* Products */;
			projectDirPath = "";
			projectRoot = "";
			targets = (
				524408322543ADCA0067F273 /* Parstagram */,
				524408482543ADCE0067F273 /* ParstagramTests */,
				524408532543ADCE0067F273 /* ParstagramUITests */,
			);
		};
/* End PBXProject section */

/* Begin PBXResourcesBuildPhase section */
		524408312543ADCA0067F273 /* Resources */ = {
			isa = PBXResourcesBuildPhase;
			buildActionMask = 2147483647;
			files = (
				524408432543ADCE0067F273 /* LaunchScreen.storyboard in Resources */,
				524408402543ADCE0067F273 /* Assets.xcassets in Resources */,
				5244083E2543ADCA0067F273 /* Main.storyboard in Resources */,
			);
			runOnlyForDeploymentPostprocessing = 0;
		};
		524408472543ADCE0067F273 /* Resources */ = {
			isa = PBXResourcesBuildPhase;
			buildActionMask = 2147483647;
			files = (
			);
			runOnlyForDeploymentPostprocessing = 0;
		};
		524408522543ADCE0067F273 /* Resources */ = {
			isa = PBXResourcesBuildPhase;
			buildActionMask = 2147483647;
			files = (
			);
			runOnlyForDeploymentPostprocessing = 0;
		};
/* End PBXResourcesBuildPhase section */

/* Begin PBXShellScriptBuildPhase section */
		1F37F9D438BFD58728B79B4E /* [CP] Check Pods Manifest.lock */ = {
			isa = PBXShellScriptBuildPhase;
			buildActionMask = 2147483647;
			files = (
			);
			inputFileListPaths = (
			);
			inputPaths = (
				"${PODS_PODFILE_DIR_PATH}/Podfile.lock",
				"${PODS_ROOT}/Manifest.lock",
			);
			name = "[CP] Check Pods Manifest.lock";
			outputFileListPaths = (
			);
			outputPaths = (
				"$(DERIVED_FILE_DIR)/Pods-Parstagram-checkManifestLockResult.txt",
			);
			runOnlyForDeploymentPostprocessing = 0;
			shellPath = /bin/sh;
			shellScript = "diff \"${PODS_PODFILE_DIR_PATH}/Podfile.lock\" \"${PODS_ROOT}/Manifest.lock\" > /dev/null\nif [ $? != 0 ] ; then\n    # print error to STDERR\n    echo \"error: The sandbox is not in sync with the Podfile.lock. Run 'pod install' or update your CocoaPods installation.\" >&2\n    exit 1\nfi\n# This output is used by Xcode 'outputs' to avoid re-running this script phase.\necho \"SUCCESS\" > \"${SCRIPT_OUTPUT_FILE_0}\"\n";
			showEnvVarsInLog = 0;
		};
		70E9C611EB0EB59FF490587F /* [CP] Check Pods Manifest.lock */ = {
			isa = PBXShellScriptBuildPhase;
			buildActionMask = 2147483647;
			files = (
			);
			inputFileListPaths = (
			);
			inputPaths = (
				"${PODS_PODFILE_DIR_PATH}/Podfile.lock",
				"${PODS_ROOT}/Manifest.lock",
			);
			name = "[CP] Check Pods Manifest.lock";
			outputFileListPaths = (
			);
			outputPaths = (
				"$(DERIVED_FILE_DIR)/Pods-ParstagramTests-checkManifestLockResult.txt",
			);
			runOnlyForDeploymentPostprocessing = 0;
			shellPath = /bin/sh;
			shellScript = "diff \"${PODS_PODFILE_DIR_PATH}/Podfile.lock\" \"${PODS_ROOT}/Manifest.lock\" > /dev/null\nif [ $? != 0 ] ; then\n    # print error to STDERR\n    echo \"error: The sandbox is not in sync with the Podfile.lock. Run 'pod install' or update your CocoaPods installation.\" >&2\n    exit 1\nfi\n# This output is used by Xcode 'outputs' to avoid re-running this script phase.\necho \"SUCCESS\" > \"${SCRIPT_OUTPUT_FILE_0}\"\n";
			showEnvVarsInLog = 0;
		};
		823B923081766A703E556BFB /* [CP] Embed Pods Frameworks */ = {
			isa = PBXShellScriptBuildPhase;
			buildActionMask = 2147483647;
			files = (
			);
			inputFileListPaths = (
				"${PODS_ROOT}/Target Support Files/Pods-Parstagram/Pods-Parstagram-frameworks-${CONFIGURATION}-input-files.xcfilelist",
			);
			name = "[CP] Embed Pods Frameworks";
			outputFileListPaths = (
				"${PODS_ROOT}/Target Support Files/Pods-Parstagram/Pods-Parstagram-frameworks-${CONFIGURATION}-output-files.xcfilelist",
			);
			runOnlyForDeploymentPostprocessing = 0;
			shellPath = /bin/sh;
			shellScript = "\"${PODS_ROOT}/Target Support Files/Pods-Parstagram/Pods-Parstagram-frameworks.sh\"\n";
			showEnvVarsInLog = 0;
		};
		8814BE7FA0294FEF18054657 /* [CP] Embed Pods Frameworks */ = {
			isa = PBXShellScriptBuildPhase;
			buildActionMask = 2147483647;
			files = (
			);
			inputFileListPaths = (
				"${PODS_ROOT}/Target Support Files/Pods-Parstagram-ParstagramUITests/Pods-Parstagram-ParstagramUITests-frameworks-${CONFIGURATION}-input-files.xcfilelist",
			);
			name = "[CP] Embed Pods Frameworks";
			outputFileListPaths = (
				"${PODS_ROOT}/Target Support Files/Pods-Parstagram-ParstagramUITests/Pods-Parstagram-ParstagramUITests-frameworks-${CONFIGURATION}-output-files.xcfilelist",
			);
			runOnlyForDeploymentPostprocessing = 0;
			shellPath = /bin/sh;
			shellScript = "\"${PODS_ROOT}/Target Support Files/Pods-Parstagram-ParstagramUITests/Pods-Parstagram-ParstagramUITests-frameworks.sh\"\n";
			showEnvVarsInLog = 0;
		};
		EA06680B0FE6B8E98BFC08B3 /* [CP] Check Pods Manifest.lock */ = {
			isa = PBXShellScriptBuildPhase;
			buildActionMask = 2147483647;
			files = (
			);
			inputFileListPaths = (
			);
			inputPaths = (
				"${PODS_PODFILE_DIR_PATH}/Podfile.lock",
				"${PODS_ROOT}/Manifest.lock",
			);
			name = "[CP] Check Pods Manifest.lock";
			outputFileListPaths = (
			);
			outputPaths = (
				"$(DERIVED_FILE_DIR)/Pods-Parstagram-ParstagramUITests-checkManifestLockResult.txt",
			);
			runOnlyForDeploymentPostprocessing = 0;
			shellPath = /bin/sh;
			shellScript = "diff \"${PODS_PODFILE_DIR_PATH}/Podfile.lock\" \"${PODS_ROOT}/Manifest.lock\" > /dev/null\nif [ $? != 0 ] ; then\n    # print error to STDERR\n    echo \"error: The sandbox is not in sync with the Podfile.lock. Run 'pod install' or update your CocoaPods installation.\" >&2\n    exit 1\nfi\n# This output is used by Xcode 'outputs' to avoid re-running this script phase.\necho \"SUCCESS\" > \"${SCRIPT_OUTPUT_FILE_0}\"\n";
			showEnvVarsInLog = 0;
		};
/* End PBXShellScriptBuildPhase section */

/* Begin PBXSourcesBuildPhase section */
		5244082F2543ADCA0067F273 /* Sources */ = {
			isa = PBXSourcesBuildPhase;
			buildActionMask = 2147483647;
			files = (
				5244086D2543AFB40067F273 /* LoginViewController.swift in Sources */,
				524408372543ADCA0067F273 /* AppDelegate.swift in Sources */,
				5260864F2543DD3E0022E221 /* profileViewController.swift in Sources */,
				526086302543BC740022E221 /* cameraViewController.swift in Sources */,
				524408722543AFC20067F273 /* FeedViewController.swift in Sources */,
				524408392543ADCA0067F273 /* SceneDelegate.swift in Sources */,
				5260864A2543C7070022E221 /* PostCell.swift in Sources */,
				52682A74254D20100050CA86 /* CommentCell.swift in Sources */,
			);
			runOnlyForDeploymentPostprocessing = 0;
		};
		524408452543ADCE0067F273 /* Sources */ = {
			isa = PBXSourcesBuildPhase;
			buildActionMask = 2147483647;
			files = (
				5244084E2543ADCE0067F273 /* ParstagramTests.swift in Sources */,
			);
			runOnlyForDeploymentPostprocessing = 0;
		};
		524408502543ADCE0067F273 /* Sources */ = {
			isa = PBXSourcesBuildPhase;
			buildActionMask = 2147483647;
			files = (
				524408592543ADCE0067F273 /* ParstagramUITests.swift in Sources */,
			);
			runOnlyForDeploymentPostprocessing = 0;
		};
/* End PBXSourcesBuildPhase section */

/* Begin PBXTargetDependency section */
		5244084B2543ADCE0067F273 /* PBXTargetDependency */ = {
			isa = PBXTargetDependency;
			target = 524408322543ADCA0067F273 /* Parstagram */;
			targetProxy = 5244084A2543ADCE0067F273 /* PBXContainerItemProxy */;
		};
		524408562543ADCE0067F273 /* PBXTargetDependency */ = {
			isa = PBXTargetDependency;
			target = 524408322543ADCA0067F273 /* Parstagram */;
			targetProxy = 524408552543ADCE0067F273 /* PBXContainerItemProxy */;
		};
/* End PBXTargetDependency section */

/* Begin PBXVariantGroup section */
		5244083C2543ADCA0067F273 /* Main.storyboard */ = {
			isa = PBXVariantGroup;
			children = (
				5244083D2543ADCA0067F273 /* Base */,
			);
			name = Main.storyboard;
			sourceTree = "<group>";
		};
		524408412543ADCE0067F273 /* LaunchScreen.storyboard */ = {
			isa = PBXVariantGroup;
			children = (
				524408422543ADCE0067F273 /* Base */,
			);
			name = LaunchScreen.storyboard;
			sourceTree = "<group>";
		};
/* End PBXVariantGroup section */

/* Begin XCBuildConfiguration section */
		5244085B2543ADCE0067F273 /* Debug */ = {
			isa = XCBuildConfiguration;
			buildSettings = {
				ALWAYS_SEARCH_USER_PATHS = NO;
				CLANG_ANALYZER_NONNULL = YES;
				CLANG_ANALYZER_NUMBER_OBJECT_CONVERSION = YES_AGGRESSIVE;
				CLANG_CXX_LANGUAGE_STANDARD = "gnu++14";
				CLANG_CXX_LIBRARY = "libc++";
				CLANG_ENABLE_MODULES = YES;
				CLANG_ENABLE_OBJC_ARC = YES;
				CLANG_ENABLE_OBJC_WEAK = YES;
				CLANG_WARN_BLOCK_CAPTURE_AUTORELEASING = YES;
				CLANG_WARN_BOOL_CONVERSION = YES;
				CLANG_WARN_COMMA = YES;
				CLANG_WARN_CONSTANT_CONVERSION = YES;
				CLANG_WARN_DEPRECATED_OBJC_IMPLEMENTATIONS = YES;
				CLANG_WARN_DIRECT_OBJC_ISA_USAGE = YES_ERROR;
				CLANG_WARN_DOCUMENTATION_COMMENTS = YES;
				CLANG_WARN_EMPTY_BODY = YES;
				CLANG_WARN_ENUM_CONVERSION = YES;
				CLANG_WARN_INFINITE_RECURSION = YES;
				CLANG_WARN_INT_CONVERSION = YES;
				CLANG_WARN_NON_LITERAL_NULL_CONVERSION = YES;
				CLANG_WARN_OBJC_IMPLICIT_RETAIN_SELF = YES;
				CLANG_WARN_OBJC_LITERAL_CONVERSION = YES;
				CLANG_WARN_OBJC_ROOT_CLASS = YES_ERROR;
				CLANG_WARN_QUOTED_INCLUDE_IN_FRAMEWORK_HEADER = YES;
				CLANG_WARN_RANGE_LOOP_ANALYSIS = YES;
				CLANG_WARN_STRICT_PROTOTYPES = YES;
				CLANG_WARN_SUSPICIOUS_MOVE = YES;
				CLANG_WARN_UNGUARDED_AVAILABILITY = YES_AGGRESSIVE;
				CLANG_WARN_UNREACHABLE_CODE = YES;
				CLANG_WARN__DUPLICATE_METHOD_MATCH = YES;
				COPY_PHASE_STRIP = NO;
				DEBUG_INFORMATION_FORMAT = dwarf;
				ENABLE_STRICT_OBJC_MSGSEND = YES;
				ENABLE_TESTABILITY = YES;
				GCC_C_LANGUAGE_STANDARD = gnu11;
				GCC_DYNAMIC_NO_PIC = NO;
				GCC_NO_COMMON_BLOCKS = YES;
				GCC_OPTIMIZATION_LEVEL = 0;
				GCC_PREPROCESSOR_DEFINITIONS = (
					"DEBUG=1",
					"$(inherited)",
				);
				GCC_WARN_64_TO_32_BIT_CONVERSION = YES;
				GCC_WARN_ABOUT_RETURN_TYPE = YES_ERROR;
				GCC_WARN_UNDECLARED_SELECTOR = YES;
				GCC_WARN_UNINITIALIZED_AUTOS = YES_AGGRESSIVE;
				GCC_WARN_UNUSED_FUNCTION = YES;
				GCC_WARN_UNUSED_VARIABLE = YES;
				IPHONEOS_DEPLOYMENT_TARGET = 14.1;
				MTL_ENABLE_DEBUG_INFO = INCLUDE_SOURCE;
				MTL_FAST_MATH = YES;
				ONLY_ACTIVE_ARCH = YES;
				SDKROOT = iphoneos;
				SWIFT_ACTIVE_COMPILATION_CONDITIONS = DEBUG;
				SWIFT_OPTIMIZATION_LEVEL = "-Onone";
			};
			name = Debug;
		};
		5244085C2543ADCE0067F273 /* Release */ = {
			isa = XCBuildConfiguration;
			buildSettings = {
				ALWAYS_SEARCH_USER_PATHS = NO;
				CLANG_ANALYZER_NONNULL = YES;
				CLANG_ANALYZER_NUMBER_OBJECT_CONVERSION = YES_AGGRESSIVE;
				CLANG_CXX_LANGUAGE_STANDARD = "gnu++14";
				CLANG_CXX_LIBRARY = "libc++";
				CLANG_ENABLE_MODULES = YES;
				CLANG_ENABLE_OBJC_ARC = YES;
				CLANG_ENABLE_OBJC_WEAK = YES;
				CLANG_WARN_BLOCK_CAPTURE_AUTORELEASING = YES;
				CLANG_WARN_BOOL_CONVERSION = YES;
				CLANG_WARN_COMMA = YES;
				CLANG_WARN_CONSTANT_CONVERSION = YES;
				CLANG_WARN_DEPRECATED_OBJC_IMPLEMENTATIONS = YES;
				CLANG_WARN_DIRECT_OBJC_ISA_USAGE = YES_ERROR;
				CLANG_WARN_DOCUMENTATION_COMMENTS = YES;
				CLANG_WARN_EMPTY_BODY = YES;
				CLANG_WARN_ENUM_CONVERSION = YES;
				CLANG_WARN_INFINITE_RECURSION = YES;
				CLANG_WARN_INT_CONVERSION = YES;
				CLANG_WARN_NON_LITERAL_NULL_CONVERSION = YES;
				CLANG_WARN_OBJC_IMPLICIT_RETAIN_SELF = YES;
				CLANG_WARN_OBJC_LITERAL_CONVERSION = YES;
				CLANG_WARN_OBJC_ROOT_CLASS = YES_ERROR;
				CLANG_WARN_QUOTED_INCLUDE_IN_FRAMEWORK_HEADER = YES;
				CLANG_WARN_RANGE_LOOP_ANALYSIS = YES;
				CLANG_WARN_STRICT_PROTOTYPES = YES;
				CLANG_WARN_SUSPICIOUS_MOVE = YES;
				CLANG_WARN_UNGUARDED_AVAILABILITY = YES_AGGRESSIVE;
				CLANG_WARN_UNREACHABLE_CODE = YES;
				CLANG_WARN__DUPLICATE_METHOD_MATCH = YES;
				COPY_PHASE_STRIP = NO;
				DEBUG_INFORMATION_FORMAT = "dwarf-with-dsym";
				ENABLE_NS_ASSERTIONS = NO;
				ENABLE_STRICT_OBJC_MSGSEND = YES;
				GCC_C_LANGUAGE_STANDARD = gnu11;
				GCC_NO_COMMON_BLOCKS = YES;
				GCC_WARN_64_TO_32_BIT_CONVERSION = YES;
				GCC_WARN_ABOUT_RETURN_TYPE = YES_ERROR;
				GCC_WARN_UNDECLARED_SELECTOR = YES;
				GCC_WARN_UNINITIALIZED_AUTOS = YES_AGGRESSIVE;
				GCC_WARN_UNUSED_FUNCTION = YES;
				GCC_WARN_UNUSED_VARIABLE = YES;
				IPHONEOS_DEPLOYMENT_TARGET = 14.1;
				MTL_ENABLE_DEBUG_INFO = NO;
				MTL_FAST_MATH = YES;
				SDKROOT = iphoneos;
				SWIFT_COMPILATION_MODE = wholemodule;
				SWIFT_OPTIMIZATION_LEVEL = "-O";
				VALIDATE_PRODUCT = YES;
			};
			name = Release;
		};
		5244085E2543ADCE0067F273 /* Debug */ = {
			isa = XCBuildConfiguration;
			baseConfigurationReference = 4EF0A86681D6CE7DEF345AE6 /* Pods-Parstagram.debug.xcconfig */;
			buildSettings = {
				ASSETCATALOG_COMPILER_APPICON_NAME = AppIcon;
				ASSETCATALOG_COMPILER_GLOBAL_ACCENT_COLOR_NAME = AccentColor;
				CODE_SIGN_STYLE = Automatic;
				INFOPLIST_FILE = Parstagram/Info.plist;
				LD_RUNPATH_SEARCH_PATHS = (
					"$(inherited)",
					"@executable_path/Frameworks",
				);
				PRODUCT_BUNDLE_IDENTIFIER = John.Parstagram;
				PRODUCT_NAME = "$(TARGET_NAME)";
				SWIFT_VERSION = 5.0;
				TARGETED_DEVICE_FAMILY = "1,2";
			};
			name = Debug;
		};
		5244085F2543ADCE0067F273 /* Release */ = {
			isa = XCBuildConfiguration;
			baseConfigurationReference = 81EC083E4D2DB2069AFF5183 /* Pods-Parstagram.release.xcconfig */;
			buildSettings = {
				ASSETCATALOG_COMPILER_APPICON_NAME = AppIcon;
				ASSETCATALOG_COMPILER_GLOBAL_ACCENT_COLOR_NAME = AccentColor;
				CODE_SIGN_STYLE = Automatic;
				INFOPLIST_FILE = Parstagram/Info.plist;
				LD_RUNPATH_SEARCH_PATHS = (
					"$(inherited)",
					"@executable_path/Frameworks",
				);
				PRODUCT_BUNDLE_IDENTIFIER = John.Parstagram;
				PRODUCT_NAME = "$(TARGET_NAME)";
				SWIFT_VERSION = 5.0;
				TARGETED_DEVICE_FAMILY = "1,2";
			};
			name = Release;
		};
		524408612543ADCE0067F273 /* Debug */ = {
			isa = XCBuildConfiguration;
			baseConfigurationReference = 6B529845145A33FF3D1CA4D1 /* Pods-ParstagramTests.debug.xcconfig */;
			buildSettings = {
				ALWAYS_EMBED_SWIFT_STANDARD_LIBRARIES = YES;
				BUNDLE_LOADER = "$(TEST_HOST)";
				CODE_SIGN_STYLE = Automatic;
				INFOPLIST_FILE = ParstagramTests/Info.plist;
				IPHONEOS_DEPLOYMENT_TARGET = 14.1;
				LD_RUNPATH_SEARCH_PATHS = (
					"$(inherited)",
					"@executable_path/Frameworks",
					"@loader_path/Frameworks",
				);
				PRODUCT_BUNDLE_IDENTIFIER = John.ParstagramTests;
				PRODUCT_NAME = "$(TARGET_NAME)";
				SWIFT_VERSION = 5.0;
				TARGETED_DEVICE_FAMILY = "1,2";
				TEST_HOST = "$(BUILT_PRODUCTS_DIR)/Parstagram.app/Parstagram";
			};
			name = Debug;
		};
		524408622543ADCE0067F273 /* Release */ = {
			isa = XCBuildConfiguration;
			baseConfigurationReference = 3EFA4D5815E0FD22980E77CA /* Pods-ParstagramTests.release.xcconfig */;
			buildSettings = {
				ALWAYS_EMBED_SWIFT_STANDARD_LIBRARIES = YES;
				BUNDLE_LOADER = "$(TEST_HOST)";
				CODE_SIGN_STYLE = Automatic;
				INFOPLIST_FILE = ParstagramTests/Info.plist;
				IPHONEOS_DEPLOYMENT_TARGET = 14.1;
				LD_RUNPATH_SEARCH_PATHS = (
					"$(inherited)",
					"@executable_path/Frameworks",
					"@loader_path/Frameworks",
				);
				PRODUCT_BUNDLE_IDENTIFIER = John.ParstagramTests;
				PRODUCT_NAME = "$(TARGET_NAME)";
				SWIFT_VERSION = 5.0;
				TARGETED_DEVICE_FAMILY = "1,2";
				TEST_HOST = "$(BUILT_PRODUCTS_DIR)/Parstagram.app/Parstagram";
			};
			name = Release;
		};
		524408642543ADCE0067F273 /* Debug */ = {
			isa = XCBuildConfiguration;
			baseConfigurationReference = BA2566525D7C204687BE68CA /* Pods-Parstagram-ParstagramUITests.debug.xcconfig */;
			buildSettings = {
				ALWAYS_EMBED_SWIFT_STANDARD_LIBRARIES = YES;
				CODE_SIGN_STYLE = Automatic;
				INFOPLIST_FILE = ParstagramUITests/Info.plist;
				LD_RUNPATH_SEARCH_PATHS = (
					"$(inherited)",
					"@executable_path/Frameworks",
					"@loader_path/Frameworks",
				);
				PRODUCT_BUNDLE_IDENTIFIER = John.ParstagramUITests;
				PRODUCT_NAME = "$(TARGET_NAME)";
				SWIFT_VERSION = 5.0;
				TARGETED_DEVICE_FAMILY = "1,2";
				TEST_TARGET_NAME = Parstagram;
			};
			name = Debug;
		};
		524408652543ADCE0067F273 /* Release */ = {
			isa = XCBuildConfiguration;
			baseConfigurationReference = 0B35118B87531DCCAEEFFC83 /* Pods-Parstagram-ParstagramUITests.release.xcconfig */;
			buildSettings = {
				ALWAYS_EMBED_SWIFT_STANDARD_LIBRARIES = YES;
				CODE_SIGN_STYLE = Automatic;
				INFOPLIST_FILE = ParstagramUITests/Info.plist;
				LD_RUNPATH_SEARCH_PATHS = (
					"$(inherited)",
					"@executable_path/Frameworks",
					"@loader_path/Frameworks",
				);
				PRODUCT_BUNDLE_IDENTIFIER = John.ParstagramUITests;
				PRODUCT_NAME = "$(TARGET_NAME)";
				SWIFT_VERSION = 5.0;
				TARGETED_DEVICE_FAMILY = "1,2";
				TEST_TARGET_NAME = Parstagram;
			};
			name = Release;
		};
/* End XCBuildConfiguration section */

/* Begin XCConfigurationList section */
		5244082E2543ADCA0067F273 /* Build configuration list for PBXProject "Parstagram" */ = {
			isa = XCConfigurationList;
			buildConfigurations = (
				5244085B2543ADCE0067F273 /* Debug */,
				5244085C2543ADCE0067F273 /* Release */,
			);
			defaultConfigurationIsVisible = 0;
			defaultConfigurationName = Release;
		};
		5244085D2543ADCE0067F273 /* Build configuration list for PBXNativeTarget "Parstagram" */ = {
			isa = XCConfigurationList;
			buildConfigurations = (
				5244085E2543ADCE0067F273 /* Debug */,
				5244085F2543ADCE0067F273 /* Release */,
			);
			defaultConfigurationIsVisible = 0;
			defaultConfigurationName = Release;
		};
		524408602543ADCE0067F273 /* Build configuration list for PBXNativeTarget "ParstagramTests" */ = {
			isa = XCConfigurationList;
			buildConfigurations = (
				524408612543ADCE0067F273 /* Debug */,
				524408622543ADCE0067F273 /* Release */,
			);
			defaultConfigurationIsVisible = 0;
			defaultConfigurationName = Release;
		};
		524408632543ADCE0067F273 /* Build configuration list for PBXNativeTarget "ParstagramUITests" */ = {
			isa = XCConfigurationList;
			buildConfigurations = (
				524408642543ADCE0067F273 /* Debug */,
				524408652543ADCE0067F273 /* Release */,
			);
			defaultConfigurationIsVisible = 0;
			defaultConfigurationName = Release;
		};
/* End XCConfigurationList section */
	};
	rootObject = 5244082B2543ADCA0067F273 /* Project object */;
}
